
Microsoft Visual Studio Solution File, Format Version 12.00
# Visual Studio Version 17
VisualStudioVersion = 17.6.33723.286
MinimumVisualStudioVersion = 10.0.40219.1
Project("{FAE04EC0-301F-11D3-BF4B-00C04F79EFBC}") = "Bài Tập Lớn MNM", "Bài Tập Lớn MNM\Bài Tập Lớn MNM.csproj", "{8C3739A4-333B-48DC-8FF0-4758553992EC}"
EndProject
Global
	GlobalSection(SolutionConfigurationPlatforms) = preSolution
		Debug|Any CPU = Debug|Any CPU
		Release|Any CPU = Release|Any CPU
	EndGlobalSection
	GlobalSection(ProjectConfigurationPlatforms) = postSolution
		{8C3739A4-333B-48DC-8FF0-4758553992EC}.Debug|Any CPU.ActiveCfg = Debug|Any CPU
		{8C3739A4-333B-48DC-8FF0-4758553992EC}.Debug|Any CPU.Build.0 = Debug|Any CPU
		{8C3739A4-333B-48DC-8FF0-4758553992EC}.Release|Any CPU.ActiveCfg = Release|Any CPU
		{8C3739A4-333B-48DC-8FF0-4758553992EC}.Release|Any CPU.Build.0 = Release|Any CPU
	EndGlobalSection
	GlobalSection(SolutionProperties) = preSolution
		HideSolutionNode = FALSE
	EndGlobalSection
	GlobalSection(ExtensibilityGlobals) = postSolution
		SolutionGuid = {BF72233E-A659-40D8-85F2-94313423066A}
	EndGlobalSection
EndGlobal
